// !$*UTF8*$!
{
	archiveVersion = 1;
	classes = {
	};
	objectVersion = 50;
	objects = {

/* Begin PBXBuildFile section */
		5B72086C247C884C00BF7492 /* ISSuperIOIT86XXEFamily.hpp in Headers */ = {isa = PBXBuildFile; fileRef = 5B72086A247C884C00BF7492 /* ISSuperIOIT86XXEFamily.hpp */; };
		5B72086D247C884C00BF7492 /* ISSuperIOIT86XXEFamily.cpp in Sources */ = {isa = PBXBuildFile; fileRef = 5B72086B247C884C00BF7492 /* ISSuperIOIT86XXEFamily.cpp */; };
		B5011EA1242E01CC009FB2A2 /* SMCAMDProcessor.hpp in Headers */ = {isa = PBXBuildFile; fileRef = B5011EA0242E01CC009FB2A2 /* SMCAMDProcessor.hpp */; };
		B5011EA3242E01CC009FB2A2 /* SMCAMDProcessor.cpp in Sources */ = {isa = PBXBuildFile; fileRef = B5011EA2242E01CC009FB2A2 /* SMCAMDProcessor.cpp */; };
		B51BE99F26B2CBB4002BEE3C /* StatusbarController.swift in Sources */ = {isa = PBXBuildFile; fileRef = B51BE99E26B2CBB4002BEE3C /* StatusbarController.swift */; };
		B56162C72400EF770006A7D8 /* AppDelegate.swift in Sources */ = {isa = PBXBuildFile; fileRef = B56162C62400EF770006A7D8 /* AppDelegate.swift */; };
		B56162C92400EF770006A7D8 /* ViewController.swift in Sources */ = {isa = PBXBuildFile; fileRef = B56162C82400EF770006A7D8 /* ViewController.swift */; };
		B56162CB2400EF780006A7D8 /* Assets.xcassets in Resources */ = {isa = PBXBuildFile; fileRef = B56162CA2400EF780006A7D8 /* Assets.xcassets */; };
		B56162CE2400EF780006A7D8 /* Main.storyboard in Resources */ = {isa = PBXBuildFile; fileRef = B56162CC2400EF780006A7D8 /* Main.storyboard */; };
		B561633524010C050006A7D8 /* GraphView.swift in Sources */ = {isa = PBXBuildFile; fileRef = B561633424010C050006A7D8 /* GraphView.swift */; };
		B56164A02470308C001806DC /* SystemMonitorViewController.swift in Sources */ = {isa = PBXBuildFile; fileRef = B561649F2470308C001806DC /* SystemMonitorViewController.swift */; };
		B564A5CA240B8256000FF929 /* LegacyIOUserClient.h in Headers */ = {isa = PBXBuildFile; fileRef = B564A5C9240B8256000FF929 /* LegacyIOUserClient.h */; };
		B568E7362414D174007CEEC1 /* CPUSpeedShiftView.swift in Sources */ = {isa = PBXBuildFile; fileRef = B568E7352414D174007CEEC1 /* CPUSpeedShiftView.swift */; };
		B5735D3B24724B23002BA4DE /* GraphViewLineLayer.swift in Sources */ = {isa = PBXBuildFile; fileRef = B5735D3A24724B23002BA4DE /* GraphViewLineLayer.swift */; };
		B5787763241105D3001AE704 /* CPUBarLayer.swift in Sources */ = {isa = PBXBuildFile; fileRef = B5787762241105D3001AE704 /* CPUBarLayer.swift */; };
		B57C7E962424EFFF00C86B68 /* pmCPU.h in Headers */ = {isa = PBXBuildFile; fileRef = B57C7E942424EFFF00C86B68 /* pmCPU.h */; };
		B57C7E972424EFFF00C86B68 /* cpu_topology.h in Headers */ = {isa = PBXBuildFile; fileRef = B57C7E952424EFFF00C86B68 /* cpu_topology.h */; };
		B57D280723F66C8E002BC699 /* AMDRyzenCPUPowerManagement.cpp in Sources */ = {isa = PBXBuildFile; fileRef = B57D280123F66C8E002BC699 /* AMDRyzenCPUPowerManagement.cpp */; };
		B57D280923F66C8E002BC699 /* AMDRyzenCPUPowerManagement.hpp in Headers */ = {isa = PBXBuildFile; fileRef = B57D280323F66C8E002BC699 /* AMDRyzenCPUPowerManagement.hpp */; };
		B57D280B23F66C8E002BC699 /* AMDRyzenCPUPMUserClient.cpp in Sources */ = {isa = PBXBuildFile; fileRef = B57D280523F66C8E002BC699 /* AMDRyzenCPUPMUserClient.cpp */; };
		B57D280C23F66C8E002BC699 /* AMDRyzenCPUPMUserClient.hpp in Headers */ = {isa = PBXBuildFile; fileRef = B57D280623F66C8E002BC699 /* AMDRyzenCPUPMUserClient.hpp */; };
		B5810044246D629C00A38AB7 /* ISSuperIONCT67XXFamily.cpp in Sources */ = {isa = PBXBuildFile; fileRef = B5810042246D629C00A38AB7 /* ISSuperIONCT67XXFamily.cpp */; };
		B5810045246D629C00A38AB7 /* ISSuperIONCT67XXFamily.hpp in Headers */ = {isa = PBXBuildFile; fileRef = B5810043246D629C00A38AB7 /* ISSuperIONCT67XXFamily.hpp */; };
		B583FEA3242E0A65001AE99A /* Keyimplementations.cpp in Sources */ = {isa = PBXBuildFile; fileRef = B57D280223F66C8E002BC699 /* Keyimplementations.cpp */; };
		B584F5CB242E2CBE007DEA77 /* pmAMDRyzen.h in Headers */ = {isa = PBXBuildFile; fileRef = B584F5C9242E2CBE007DEA77 /* pmAMDRyzen.h */; };
		B584F5CC242E2CBE007DEA77 /* pmAMDRyzen.c in Sources */ = {isa = PBXBuildFile; fileRef = B584F5CA242E2CBE007DEA77 /* pmAMDRyzen.c */; };
		B5920B9424FFBB9B006C6DFF /* pmRyzenSymbolTable.h in Sources */ = {isa = PBXBuildFile; fileRef = B5920B9324FFBB9B006C6DFF /* pmRyzenSymbolTable.h */; };
		B595D3E42416701D00B704F7 /* SF-Pro-Rounded-Medium.otf in Resources */ = {isa = PBXBuildFile; fileRef = B595D3E32416700800B704F7 /* SF-Pro-Rounded-Medium.otf */; };
		B595D3E52416702000B704F7 /* SF-Pro-Rounded-Semibold.otf in Resources */ = {isa = PBXBuildFile; fileRef = B595D3E22416700700B704F7 /* SF-Pro-Rounded-Semibold.otf */; };
		B59762382472A1FE0074E0B5 /* GraphViewGridLineLayer.swift in Sources */ = {isa = PBXBuildFile; fileRef = B59762372472A1FE0074E0B5 /* GraphViewGridLineLayer.swift */; };
		B5ACE06826D7F297007960AD /* hid.c in Sources */ = {isa = PBXBuildFile; fileRef = B5ACE06726D7F297007960AD /* hid.c */; };
		B5CE1F7F26B4271800DBF70A /* AppDelegate.swift in Sources */ = {isa = PBXBuildFile; fileRef = B5CE1F7E26B4271800DBF70A /* AppDelegate.swift */; };
		B5CE1F8B26B4294000DBF70A /* main.swift in Sources */ = {isa = PBXBuildFile; fileRef = B5CE1F8A26B4294000DBF70A /* main.swift */; };
		B5CE1F8D26B42B1600DBF70A /* APGLaunchHelper.app in CopyFiles */ = {isa = PBXBuildFile; fileRef = B5CE1F7C26B4271800DBF70A /* APGLaunchHelper.app */; settings = {ATTRIBUTES = (RemoveHeadersOnCopy, ); }; };
		B5D20188241B85E800BBD06A /* kernel_resolver.h in Headers */ = {isa = PBXBuildFile; fileRef = B5D20186241B85E800BBD06A /* kernel_resolver.h */; };
		B5D20189241B85E800BBD06A /* kernel_resolver.c in Sources */ = {isa = PBXBuildFile; fileRef = B5D20187241B85E800BBD06A /* kernel_resolver.c */; };
		B5DB81D12417CB5E00741A38 /* PStateEditorViewController.swift in Sources */ = {isa = PBXBuildFile; fileRef = B5DB81D02417CB5E00741A38 /* PStateEditorViewController.swift */; };
		B5DDAAC224714A1500A7572D /* ISSuperIOSMCFamily.hpp in Headers */ = {isa = PBXBuildFile; fileRef = B5DDAAC024714A1500A7572D /* ISSuperIOSMCFamily.hpp */; };
		B5DF4AB5247156F200663498 /* ISSuperIONCT668X.cpp in Sources */ = {isa = PBXBuildFile; fileRef = B5DF4AB3247156F200663498 /* ISSuperIONCT668X.cpp */; };
		B5DF4AB6247156F200663498 /* ISSuperIONCT668X.hpp in Headers */ = {isa = PBXBuildFile; fileRef = B5DF4AB4247156F200663498 /* ISSuperIONCT668X.hpp */; };
		B5F46D7F240E593D009F2961 /* CPUPowerStepView.swift in Sources */ = {isa = PBXBuildFile; fileRef = B5F46D7E240E593D009F2961 /* CPUPowerStepView.swift */; };
		B5F46D81240E6F19009F2961 /* ProcessorModel.swift in Sources */ = {isa = PBXBuildFile; fileRef = B5F46D80240E6F19009F2961 /* ProcessorModel.swift */; };
		B5F46D83240E76D9009F2961 /* PowerToolViewController.swift in Sources */ = {isa = PBXBuildFile; fileRef = B5F46D82240E76D9009F2961 /* PowerToolViewController.swift */; };
/* End PBXBuildFile section */

/* Begin PBXCopyFilesBuildPhase section */
		B5CE1F8C26B42B0100DBF70A /* CopyFiles */ = {
			isa = PBXCopyFilesBuildPhase;
			buildActionMask = 2147483647;
			dstPath = Contents/Library/LoginItems;
			dstSubfolderSpec = 1;
			files = (
				B5CE1F8D26B42B1600DBF70A /* APGLaunchHelper.app in CopyFiles */,
			);
			runOnlyForDeploymentPostprocessing = 0;
		};
/* End PBXCopyFilesBuildPhase section */

/* Begin PBXFileReference section */
		5B72086A247C884C00BF7492 /* ISSuperIOIT86XXEFamily.hpp */ = {isa = PBXFileReference; fileEncoding = 4; lastKnownFileType = sourcecode.cpp.h; path = ISSuperIOIT86XXEFamily.hpp; sourceTree = "<group>"; };
		5B72086B247C884C00BF7492 /* ISSuperIOIT86XXEFamily.cpp */ = {isa = PBXFileReference; fileEncoding = 4; lastKnownFileType = sourcecode.cpp.cpp; path = ISSuperIOIT86XXEFamily.cpp; sourceTree = "<group>"; };
		B5011E9E242E01CC009FB2A2 /* SMCAMDProcessor.kext */ = {isa = PBXFileReference; explicitFileType = wrapper.cfbundle; includeInIndex = 0; path = SMCAMDProcessor.kext; sourceTree = BUILT_PRODUCTS_DIR; };
		B5011EA0242E01CC009FB2A2 /* SMCAMDProcessor.hpp */ = {isa = PBXFileReference; lastKnownFileType = sourcecode.cpp.h; path = SMCAMDProcessor.hpp; sourceTree = "<group>"; };
		B5011EA2242E01CC009FB2A2 /* SMCAMDProcessor.cpp */ = {isa = PBXFileReference; lastKnownFileType = sourcecode.cpp.cpp; path = SMCAMDProcessor.cpp; sourceTree = "<group>"; };
		B5011EA4242E01CC009FB2A2 /* Info.plist */ = {isa = PBXFileReference; lastKnownFileType = text.plist.xml; path = Info.plist; sourceTree = "<group>"; };
		B51BE99E26B2CBB4002BEE3C /* StatusbarController.swift */ = {isa = PBXFileReference; lastKnownFileType = sourcecode.swift; path = StatusbarController.swift; sourceTree = "<group>"; };
		B56162C42400EF770006A7D8 /* AMD Power Gadget.app */ = {isa = PBXFileReference; explicitFileType = wrapper.application; includeInIndex = 0; path = "AMD Power Gadget.app"; sourceTree = BUILT_PRODUCTS_DIR; };
		B56162C62400EF770006A7D8 /* AppDelegate.swift */ = {isa = PBXFileReference; lastKnownFileType = sourcecode.swift; path = AppDelegate.swift; sourceTree = "<group>"; };
		B56162C82400EF770006A7D8 /* ViewController.swift */ = {isa = PBXFileReference; lastKnownFileType = sourcecode.swift; path = ViewController.swift; sourceTree = "<group>"; };
		B56162CA2400EF780006A7D8 /* Assets.xcassets */ = {isa = PBXFileReference; lastKnownFileType = folder.assetcatalog; path = Assets.xcassets; sourceTree = "<group>"; };
		B56162CD2400EF780006A7D8 /* Base */ = {isa = PBXFileReference; lastKnownFileType = file.storyboard; name = Base; path = Base.lproj/Main.storyboard; sourceTree = "<group>"; };
		B56162CF2400EF780006A7D8 /* Info.plist */ = {isa = PBXFileReference; lastKnownFileType = text.plist.xml; path = Info.plist; sourceTree = "<group>"; };
		B56162D02400EF780006A7D8 /* AMD_Power_Gadget.entitlements */ = {isa = PBXFileReference; lastKnownFileType = text.plist.entitlements; path = AMD_Power_Gadget.entitlements; sourceTree = "<group>"; };
		B561633424010C050006A7D8 /* GraphView.swift */ = {isa = PBXFileReference; lastKnownFileType = sourcecode.swift; path = GraphView.swift; sourceTree = "<group>"; };
		B561649F2470308C001806DC /* SystemMonitorViewController.swift */ = {isa = PBXFileReference; lastKnownFileType = sourcecode.swift; path = SystemMonitorViewController.swift; sourceTree = "<group>"; };
		B564A5C9240B8256000FF929 /* LegacyIOUserClient.h */ = {isa = PBXFileReference; fileEncoding = 4; lastKnownFileType = sourcecode.c.h; path = LegacyIOUserClient.h; sourceTree = "<group>"; };
		B568E7352414D174007CEEC1 /* CPUSpeedShiftView.swift */ = {isa = PBXFileReference; lastKnownFileType = sourcecode.swift; path = CPUSpeedShiftView.swift; sourceTree = "<group>"; };
		B5735D3A24724B23002BA4DE /* GraphViewLineLayer.swift */ = {isa = PBXFileReference; lastKnownFileType = sourcecode.swift; path = GraphViewLineLayer.swift; sourceTree = "<group>"; };
		B5787762241105D3001AE704 /* CPUBarLayer.swift */ = {isa = PBXFileReference; lastKnownFileType = sourcecode.swift; path = CPUBarLayer.swift; sourceTree = "<group>"; };
		B57C7E942424EFFF00C86B68 /* pmCPU.h */ = {isa = PBXFileReference; fileEncoding = 4; lastKnownFileType = sourcecode.c.h; path = pmCPU.h; sourceTree = "<group>"; };
		B57C7E952424EFFF00C86B68 /* cpu_topology.h */ = {isa = PBXFileReference; fileEncoding = 4; lastKnownFileType = sourcecode.c.h; path = cpu_topology.h; sourceTree = "<group>"; };
		B57D27F423F66AE7002BC699 /* AMDRyzenCPUPowerManagement.kext */ = {isa = PBXFileReference; explicitFileType = wrapper.cfbundle; includeInIndex = 0; path = AMDRyzenCPUPowerManagement.kext; sourceTree = BUILT_PRODUCTS_DIR; };
		B57D27FB23F66AE7002BC699 /* Info.plist */ = {isa = PBXFileReference; lastKnownFileType = text.plist.xml; path = Info.plist; sourceTree = "<group>"; };
		B57D280123F66C8E002BC699 /* AMDRyzenCPUPowerManagement.cpp */ = {isa = PBXFileReference; fileEncoding = 4; lastKnownFileType = sourcecode.cpp.cpp; path = AMDRyzenCPUPowerManagement.cpp; sourceTree = "<group>"; };
		B57D280223F66C8E002BC699 /* Keyimplementations.cpp */ = {isa = PBXFileReference; fileEncoding = 4; lastKnownFileType = sourcecode.cpp.cpp; path = Keyimplementations.cpp; sourceTree = "<group>"; };
		B57D280323F66C8E002BC699 /* AMDRyzenCPUPowerManagement.hpp */ = {isa = PBXFileReference; fileEncoding = 4; lastKnownFileType = sourcecode.cpp.h; path = AMDRyzenCPUPowerManagement.hpp; sourceTree = "<group>"; };
		B57D280423F66C8E002BC699 /* KeyImplementations.hpp */ = {isa = PBXFileReference; fileEncoding = 4; lastKnownFileType = sourcecode.cpp.h; path = KeyImplementations.hpp; sourceTree = "<group>"; };
		B57D280523F66C8E002BC699 /* AMDRyzenCPUPMUserClient.cpp */ = {isa = PBXFileReference; fileEncoding = 4; lastKnownFileType = sourcecode.cpp.cpp; path = AMDRyzenCPUPMUserClient.cpp; sourceTree = "<group>"; };
		B57D280623F66C8E002BC699 /* AMDRyzenCPUPMUserClient.hpp */ = {isa = PBXFileReference; fileEncoding = 4; lastKnownFileType = sourcecode.cpp.h; path = AMDRyzenCPUPMUserClient.hpp; sourceTree = "<group>"; };
		B5810042246D629C00A38AB7 /* ISSuperIONCT67XXFamily.cpp */ = {isa = PBXFileReference; lastKnownFileType = sourcecode.cpp.cpp; path = ISSuperIONCT67XXFamily.cpp; sourceTree = "<group>"; };
		B5810043246D629C00A38AB7 /* ISSuperIONCT67XXFamily.hpp */ = {isa = PBXFileReference; lastKnownFileType = sourcecode.cpp.h; path = ISSuperIONCT67XXFamily.hpp; sourceTree = "<group>"; };
		B5810046246D6B3200A38AB7 /* ISLPCPort.h */ = {isa = PBXFileReference; lastKnownFileType = sourcecode.c.h; path = ISLPCPort.h; sourceTree = "<group>"; };
		B584F5C9242E2CBE007DEA77 /* pmAMDRyzen.h */ = {isa = PBXFileReference; lastKnownFileType = sourcecode.c.h; path = pmAMDRyzen.h; sourceTree = "<group>"; };
		B584F5CA242E2CBE007DEA77 /* pmAMDRyzen.c */ = {isa = PBXFileReference; lastKnownFileType = sourcecode.c.c; path = pmAMDRyzen.c; sourceTree = "<group>"; };
		B5920B9324FFBB9B006C6DFF /* pmRyzenSymbolTable.h */ = {isa = PBXFileReference; lastKnownFileType = sourcecode.c.h; path = pmRyzenSymbolTable.h; sourceTree = "<group>"; };
		B595D3E22416700700B704F7 /* SF-Pro-Rounded-Semibold.otf */ = {isa = PBXFileReference; lastKnownFileType = file; path = "SF-Pro-Rounded-Semibold.otf"; sourceTree = "<group>"; };
		B595D3E32416700800B704F7 /* SF-Pro-Rounded-Medium.otf */ = {isa = PBXFileReference; lastKnownFileType = file; path = "SF-Pro-Rounded-Medium.otf"; sourceTree = "<group>"; };
		B59762372472A1FE0074E0B5 /* GraphViewGridLineLayer.swift */ = {isa = PBXFileReference; lastKnownFileType = sourcecode.swift; path = GraphViewGridLineLayer.swift; sourceTree = "<group>"; };
		B5ACE06626D7F296007960AD /* AMD Power Gadget-Bridging-Header.h */ = {isa = PBXFileReference; lastKnownFileType = sourcecode.c.h; path = "AMD Power Gadget-Bridging-Header.h"; sourceTree = "<group>"; };
		B5ACE06726D7F297007960AD /* hid.c */ = {isa = PBXFileReference; fileEncoding = 4; lastKnownFileType = sourcecode.c.c; path = hid.c; sourceTree = "<group>"; };
		B5ACE06926D7F2B2007960AD /* hidapi.h */ = {isa = PBXFileReference; lastKnownFileType = sourcecode.c.h; path = hidapi.h; sourceTree = "<group>"; };
		B5CE1F7C26B4271800DBF70A /* APGLaunchHelper.app */ = {isa = PBXFileReference; explicitFileType = wrapper.application; includeInIndex = 0; path = APGLaunchHelper.app; sourceTree = BUILT_PRODUCTS_DIR; };
		B5CE1F7E26B4271800DBF70A /* AppDelegate.swift */ = {isa = PBXFileReference; lastKnownFileType = sourcecode.swift; path = AppDelegate.swift; sourceTree = "<group>"; };
		B5CE1F8526B4271900DBF70A /* Info.plist */ = {isa = PBXFileReference; lastKnownFileType = text.plist.xml; path = Info.plist; sourceTree = "<group>"; };
		B5CE1F8626B4271900DBF70A /* APGLaunchHelper.entitlements */ = {isa = PBXFileReference; lastKnownFileType = text.plist.entitlements; path = APGLaunchHelper.entitlements; sourceTree = "<group>"; };
		B5CE1F8A26B4294000DBF70A /* main.swift */ = {isa = PBXFileReference; lastKnownFileType = sourcecode.swift; path = main.swift; sourceTree = "<group>"; };
		B5D20186241B85E800BBD06A /* kernel_resolver.h */ = {isa = PBXFileReference; fileEncoding = 4; lastKnownFileType = sourcecode.c.h; path = kernel_resolver.h; sourceTree = "<group>"; };
		B5D20187241B85E800BBD06A /* kernel_resolver.c */ = {isa = PBXFileReference; fileEncoding = 4; lastKnownFileType = sourcecode.c.c; path = kernel_resolver.c; sourceTree = "<group>"; };
		B5DB81D02417CB5E00741A38 /* PStateEditorViewController.swift */ = {isa = PBXFileReference; lastKnownFileType = sourcecode.swift; path = PStateEditorViewController.swift; sourceTree = "<group>"; };
		B5DDAAC024714A1500A7572D /* ISSuperIOSMCFamily.hpp */ = {isa = PBXFileReference; lastKnownFileType = sourcecode.cpp.h; path = ISSuperIOSMCFamily.hpp; sourceTree = "<group>"; };
		B5DF4AB3247156F200663498 /* ISSuperIONCT668X.cpp */ = {isa = PBXFileReference; lastKnownFileType = sourcecode.cpp.cpp; path = ISSuperIONCT668X.cpp; sourceTree = "<group>"; };
		B5DF4AB4247156F200663498 /* ISSuperIONCT668X.hpp */ = {isa = PBXFileReference; lastKnownFileType = sourcecode.cpp.h; path = ISSuperIONCT668X.hpp; sourceTree = "<group>"; };
		B5F46D7E240E593D009F2961 /* CPUPowerStepView.swift */ = {isa = PBXFileReference; lastKnownFileType = sourcecode.swift; path = CPUPowerStepView.swift; sourceTree = "<group>"; };
		B5F46D80240E6F19009F2961 /* ProcessorModel.swift */ = {isa = PBXFileReference; lastKnownFileType = sourcecode.swift; path = ProcessorModel.swift; sourceTree = "<group>"; };
		B5F46D82240E76D9009F2961 /* PowerToolViewController.swift */ = {isa = PBXFileReference; lastKnownFileType = sourcecode.swift; path = PowerToolViewController.swift; sourceTree = "<group>"; };
/* End PBXFileReference section */

/* Begin PBXFrameworksBuildPhase section */
		B5011E9B242E01CC009FB2A2 /* Frameworks */ = {
			isa = PBXFrameworksBuildPhase;
			buildActionMask = 2147483647;
			files = (
			);
			runOnlyForDeploymentPostprocessing = 0;
		};
		B56162C12400EF770006A7D8 /* Frameworks */ = {
			isa = PBXFrameworksBuildPhase;
			buildActionMask = 2147483647;
			files = (
			);
			runOnlyForDeploymentPostprocessing = 0;
		};
		B57D27F123F66AE7002BC699 /* Frameworks */ = {
			isa = PBXFrameworksBuildPhase;
			buildActionMask = 2147483647;
			files = (
			);
			runOnlyForDeploymentPostprocessing = 0;
		};
		B5CE1F7926B4271800DBF70A /* Frameworks */ = {
			isa = PBXFrameworksBuildPhase;
			buildActionMask = 2147483647;
			files = (
			);
			runOnlyForDeploymentPostprocessing = 0;
		};
/* End PBXFrameworksBuildPhase section */

/* Begin PBXGroup section */
		B5011E9F242E01CC009FB2A2 /* SMCAMDProcessor */ = {
			isa = PBXGroup;
			children = (
				B5011EA0242E01CC009FB2A2 /* SMCAMDProcessor.hpp */,
				B5011EA2242E01CC009FB2A2 /* SMCAMDProcessor.cpp */,
				B57D280223F66C8E002BC699 /* Keyimplementations.cpp */,
				B57D280423F66C8E002BC699 /* KeyImplementations.hpp */,
				B5011EA4242E01CC009FB2A2 /* Info.plist */,
			);
			path = SMCAMDProcessor;
			sourceTree = "<group>";
		};
		B55E654B240B842400376E9E /* LegacyHeaders */ = {
			isa = PBXGroup;
			children = (
				B564A5C9240B8256000FF929 /* LegacyIOUserClient.h */,
			);
			path = LegacyHeaders;
			sourceTree = "<group>";
		};
		B56162C52400EF770006A7D8 /* AMD Power Gadget */ = {
			isa = PBXGroup;
			children = (
				B5ACE06526D7F288007960AD /* hidapi */,
				B5735D3924724AC9002BA4DE /* GraphView */,
				B595D3E124166F6000B704F7 /* Resources */,
				B5F46D80240E6F19009F2961 /* ProcessorModel.swift */,
				B5ACE06626D7F296007960AD /* AMD Power Gadget-Bridging-Header.h */,
				B56162C62400EF770006A7D8 /* AppDelegate.swift */,
				B56162C82400EF770006A7D8 /* ViewController.swift */,
				B51BE99E26B2CBB4002BEE3C /* StatusbarController.swift */,
				B5787764241105DE001AE704 /* Power Tool */,
				B561649E24703053001806DC /* System Monitor */,
				B56162CC2400EF780006A7D8 /* Main.storyboard */,
				B56162CA2400EF780006A7D8 /* Assets.xcassets */,
				B56162CF2400EF780006A7D8 /* Info.plist */,
				B56162D02400EF780006A7D8 /* AMD_Power_Gadget.entitlements */,
			);
			path = "AMD Power Gadget";
			sourceTree = "<group>";
		};
		B561649E24703053001806DC /* System Monitor */ = {
			isa = PBXGroup;
			children = (
				B561649F2470308C001806DC /* SystemMonitorViewController.swift */,
			);
			path = "System Monitor";
			sourceTree = "<group>";
		};
		B5735D3924724AC9002BA4DE /* GraphView */ = {
			isa = PBXGroup;
			children = (
				B561633424010C050006A7D8 /* GraphView.swift */,
				B5735D3A24724B23002BA4DE /* GraphViewLineLayer.swift */,
				B59762372472A1FE0074E0B5 /* GraphViewGridLineLayer.swift */,
			);
			path = GraphView;
			sourceTree = "<group>";
		};
		B5787764241105DE001AE704 /* Power Tool */ = {
			isa = PBXGroup;
			children = (
				B5787762241105D3001AE704 /* CPUBarLayer.swift */,
				B568E7352414D174007CEEC1 /* CPUSpeedShiftView.swift */,
				B5F46D7E240E593D009F2961 /* CPUPowerStepView.swift */,
				B5F46D82240E76D9009F2961 /* PowerToolViewController.swift */,
				B5DB81D02417CB5E00741A38 /* PStateEditorViewController.swift */,
			);
			path = "Power Tool";
			sourceTree = "<group>";
		};
		B57C7E912424EFC700C86B68 /* Headers */ = {
			isa = PBXGroup;
			children = (
				B5920B9324FFBB9B006C6DFF /* pmRyzenSymbolTable.h */,
				B57C7E922424EFFF00C86B68 /* osfmk */,
				B55E654B240B842400376E9E /* LegacyHeaders */,
			);
			path = Headers;
			sourceTree = "<group>";
		};
		B57C7E922424EFFF00C86B68 /* osfmk */ = {
			isa = PBXGroup;
			children = (
				B57C7E932424EFFF00C86B68 /* i386 */,
			);
			path = osfmk;
			sourceTree = "<group>";
		};
		B57C7E932424EFFF00C86B68 /* i386 */ = {
			isa = PBXGroup;
			children = (
				B57C7E942424EFFF00C86B68 /* pmCPU.h */,
				B57C7E952424EFFF00C86B68 /* cpu_topology.h */,
			);
			path = i386;
			sourceTree = "<group>";
		};
		B57D27EA23F66AE7002BC699 = {
			isa = PBXGroup;
			children = (
				B57D27F623F66AE7002BC699 /* AMDRyzenCPUPowerManagement */,
				B5011E9F242E01CC009FB2A2 /* SMCAMDProcessor */,
				B56162C52400EF770006A7D8 /* AMD Power Gadget */,
				B5CE1F7D26B4271800DBF70A /* APGLaunchHelper */,
				B57D27F523F66AE7002BC699 /* Products */,
			);
			sourceTree = "<group>";
		};
		B57D27F523F66AE7002BC699 /* Products */ = {
			isa = PBXGroup;
			children = (
				B57D27F423F66AE7002BC699 /* AMDRyzenCPUPowerManagement.kext */,
				B56162C42400EF770006A7D8 /* AMD Power Gadget.app */,
				B5011E9E242E01CC009FB2A2 /* SMCAMDProcessor.kext */,
				B5CE1F7C26B4271800DBF70A /* APGLaunchHelper.app */,
			);
			name = Products;
			sourceTree = "<group>";
		};
		B57D27F623F66AE7002BC699 /* AMDRyzenCPUPowerManagement */ = {
			isa = PBXGroup;
			children = (
				B57C7E912424EFC700C86B68 /* Headers */,
				B5D2018A241B877C00BBD06A /* symresolver */,
				B5810041246D627700A38AB7 /* SuperIO */,
				B57D280123F66C8E002BC699 /* AMDRyzenCPUPowerManagement.cpp */,
				B57D280323F66C8E002BC699 /* AMDRyzenCPUPowerManagement.hpp */,
				B57D280523F66C8E002BC699 /* AMDRyzenCPUPMUserClient.cpp */,
				B57D280623F66C8E002BC699 /* AMDRyzenCPUPMUserClient.hpp */,
				B584F5C9242E2CBE007DEA77 /* pmAMDRyzen.h */,
				B584F5CA242E2CBE007DEA77 /* pmAMDRyzen.c */,
				B57D27FB23F66AE7002BC699 /* Info.plist */,
			);
			path = AMDRyzenCPUPowerManagement;
			sourceTree = "<group>";
		};
		B5810041246D627700A38AB7 /* SuperIO */ = {
			isa = PBXGroup;
			children = (
				5B72086B247C884C00BF7492 /* ISSuperIOIT86XXEFamily.cpp */,
				5B72086A247C884C00BF7492 /* ISSuperIOIT86XXEFamily.hpp */,
				B5810042246D629C00A38AB7 /* ISSuperIONCT67XXFamily.cpp */,
				B5810043246D629C00A38AB7 /* ISSuperIONCT67XXFamily.hpp */,
				B5DF4AB3247156F200663498 /* ISSuperIONCT668X.cpp */,
				B5DF4AB4247156F200663498 /* ISSuperIONCT668X.hpp */,
				B5DDAAC024714A1500A7572D /* ISSuperIOSMCFamily.hpp */,
				B5810046246D6B3200A38AB7 /* ISLPCPort.h */,
			);
			path = SuperIO;
			sourceTree = "<group>";
		};
		B595D3E124166F6000B704F7 /* Resources */ = {
			isa = PBXGroup;
			children = (
				B595D3E32416700800B704F7 /* SF-Pro-Rounded-Medium.otf */,
				B595D3E22416700700B704F7 /* SF-Pro-Rounded-Semibold.otf */,
			);
			path = Resources;
			sourceTree = "<group>";
		};
		B5ACE06526D7F288007960AD /* hidapi */ = {
			isa = PBXGroup;
			children = (
				B5ACE06926D7F2B2007960AD /* hidapi.h */,
				B5ACE06726D7F297007960AD /* hid.c */,
			);
			path = hidapi;
			sourceTree = "<group>";
		};
		B5CE1F7D26B4271800DBF70A /* APGLaunchHelper */ = {
			isa = PBXGroup;
			children = (
				B5CE1F7E26B4271800DBF70A /* AppDelegate.swift */,
				B5CE1F8526B4271900DBF70A /* Info.plist */,
				B5CE1F8626B4271900DBF70A /* APGLaunchHelper.entitlements */,
				B5CE1F8A26B4294000DBF70A /* main.swift */,
			);
			path = APGLaunchHelper;
			sourceTree = "<group>";
		};
		B5D2018A241B877C00BBD06A /* symresolver */ = {
			isa = PBXGroup;
			children = (
				B5D20187241B85E800BBD06A /* kernel_resolver.c */,
				B5D20186241B85E800BBD06A /* kernel_resolver.h */,
			);
			path = symresolver;
			sourceTree = "<group>";
		};
/* End PBXGroup section */

/* Begin PBXHeadersBuildPhase section */
		B5011E99242E01CC009FB2A2 /* Headers */ = {
			isa = PBXHeadersBuildPhase;
			buildActionMask = 2147483647;
			files = (
				B5011EA1242E01CC009FB2A2 /* SMCAMDProcessor.hpp in Headers */,
			);
			runOnlyForDeploymentPostprocessing = 0;
		};
		B57D27EF23F66AE7002BC699 /* Headers */ = {
			isa = PBXHeadersBuildPhase;
			buildActionMask = 2147483647;
			files = (
				B57C7E962424EFFF00C86B68 /* pmCPU.h in Headers */,
				B5DF4AB6247156F200663498 /* ISSuperIONCT668X.hpp in Headers */,
				B5D20188241B85E800BBD06A /* kernel_resolver.h in Headers */,
				B57D280C23F66C8E002BC699 /* AMDRyzenCPUPMUserClient.hpp in Headers */,
				B584F5CB242E2CBE007DEA77 /* pmAMDRyzen.h in Headers */,
				B5810045246D629C00A38AB7 /* ISSuperIONCT67XXFamily.hpp in Headers */,
				B57C7E972424EFFF00C86B68 /* cpu_topology.h in Headers */,
				B564A5CA240B8256000FF929 /* LegacyIOUserClient.h in Headers */,
				5B72086C247C884C00BF7492 /* ISSuperIOIT86XXEFamily.hpp in Headers */,
				B5DDAAC224714A1500A7572D /* ISSuperIOSMCFamily.hpp in Headers */,
				B57D280923F66C8E002BC699 /* AMDRyzenCPUPowerManagement.hpp in Headers */,
			);
			runOnlyForDeploymentPostprocessing = 0;
		};
/* End PBXHeadersBuildPhase section */

/* Begin PBXNativeTarget section */
		B5011E9D242E01CC009FB2A2 /* SMCAMDProcessor */ = {
			isa = PBXNativeTarget;
			buildConfigurationList = B5011EA7242E01CC009FB2A2 /* Build configuration list for PBXNativeTarget "SMCAMDProcessor" */;
			buildPhases = (
				B5011E99242E01CC009FB2A2 /* Headers */,
				B5011E9A242E01CC009FB2A2 /* Sources */,
				B5011E9B242E01CC009FB2A2 /* Frameworks */,
				B5011E9C242E01CC009FB2A2 /* Resources */,
			);
			buildRules = (
			);
			dependencies = (
			);
			name = SMCAMDProcessor;
			productName = SMCAMDProcessor;
			productReference = B5011E9E242E01CC009FB2A2 /* SMCAMDProcessor.kext */;
			productType = "com.apple.product-type.kernel-extension";
		};
		B56162C32400EF770006A7D8 /* AMD Power Gadget */ = {
			isa = PBXNativeTarget;
			buildConfigurationList = B56162D32400EF780006A7D8 /* Build configuration list for PBXNativeTarget "AMD Power Gadget" */;
			buildPhases = (
				B56162C02400EF770006A7D8 /* Sources */,
				B56162C12400EF770006A7D8 /* Frameworks */,
				B56162C22400EF770006A7D8 /* Resources */,
				B5CE1F8C26B42B0100DBF70A /* CopyFiles */,
			);
			buildRules = (
			);
			dependencies = (
			);
			name = "AMD Power Gadget";
			productName = "AMD Power Gadget";
			productReference = B56162C42400EF770006A7D8 /* AMD Power Gadget.app */;
			productType = "com.apple.product-type.application";
		};
		B57D27F323F66AE7002BC699 /* AMDRyzenCPUPowerManagement */ = {
			isa = PBXNativeTarget;
			buildConfigurationList = B57D27FE23F66AE7002BC699 /* Build configuration list for PBXNativeTarget "AMDRyzenCPUPowerManagement" */;
			buildPhases = (
				B57D27EF23F66AE7002BC699 /* Headers */,
				B57D27F023F66AE7002BC699 /* Sources */,
				B57D27F123F66AE7002BC699 /* Frameworks */,
				B57D27F223F66AE7002BC699 /* Resources */,
			);
			buildRules = (
			);
			dependencies = (
			);
			name = AMDRyzenCPUPowerManagement;
			productName = SMCAMDProcessor;
			productReference = B57D27F423F66AE7002BC699 /* AMDRyzenCPUPowerManagement.kext */;
			productType = "com.apple.product-type.kernel-extension";
		};
		B5CE1F7B26B4271800DBF70A /* APGLaunchHelper */ = {
			isa = PBXNativeTarget;
			buildConfigurationList = B5CE1F8926B4271900DBF70A /* Build configuration list for PBXNativeTarget "APGLaunchHelper" */;
			buildPhases = (
				B5CE1F7826B4271800DBF70A /* Sources */,
				B5CE1F7926B4271800DBF70A /* Frameworks */,
				B5CE1F7A26B4271800DBF70A /* Resources */,
			);
			buildRules = (
			);
			dependencies = (
			);
			name = APGLaunchHelper;
			productName = APGLaunchHelper;
			productReference = B5CE1F7C26B4271800DBF70A /* APGLaunchHelper.app */;
			productType = "com.apple.product-type.application";
		};
/* End PBXNativeTarget section */

/* Begin PBXProject section */
		B57D27EB23F66AE7002BC699 /* Project object */ = {
			isa = PBXProject;
			attributes = {
				LastSwiftUpdateCheck = 1250;
				LastUpgradeCheck = 1140;
				ORGANIZATIONNAME = trulyspinach;
				TargetAttributes = {
					B5011E9D242E01CC009FB2A2 = {
						CreatedOnToolsVersion = 11.4;
					};
					B56162C32400EF770006A7D8 = {
						CreatedOnToolsVersion = 11.3.1;
						LastSwiftMigration = 1250;
					};
					B57D27F323F66AE7002BC699 = {
						CreatedOnToolsVersion = 11.3.1;
					};
					B5CE1F7B26B4271800DBF70A = {
						CreatedOnToolsVersion = 12.5.1;
					};
				};
			};
			buildConfigurationList = B57D27EE23F66AE7002BC699 /* Build configuration list for PBXProject "SMCAMDProcessor" */;
			compatibilityVersion = "Xcode 9.3";
			developmentRegion = en;
			hasScannedForEncodings = 0;
			knownRegions = (
				en,
				Base,
			);
			mainGroup = B57D27EA23F66AE7002BC699;
			productRefGroup = B57D27F523F66AE7002BC699 /* Products */;
			projectDirPath = "";
			projectRoot = "";
			targets = (
				B57D27F323F66AE7002BC699 /* AMDRyzenCPUPowerManagement */,
				B5011E9D242E01CC009FB2A2 /* SMCAMDProcessor */,
				B56162C32400EF770006A7D8 /* AMD Power Gadget */,
				B5CE1F7B26B4271800DBF70A /* APGLaunchHelper */,
			);
		};
/* End PBXProject section */

/* Begin PBXResourcesBuildPhase section */
		B5011E9C242E01CC009FB2A2 /* Resources */ = {
			isa = PBXResourcesBuildPhase;
			buildActionMask = 2147483647;
			files = (
			);
			runOnlyForDeploymentPostprocessing = 0;
		};
		B56162C22400EF770006A7D8 /* Resources */ = {
			isa = PBXResourcesBuildPhase;
			buildActionMask = 2147483647;
			files = (
				B595D3E52416702000B704F7 /* SF-Pro-Rounded-Semibold.otf in Resources */,
				B595D3E42416701D00B704F7 /* SF-Pro-Rounded-Medium.otf in Resources */,
				B56162CB2400EF780006A7D8 /* Assets.xcassets in Resources */,
				B56162CE2400EF780006A7D8 /* Main.storyboard in Resources */,
			);
			runOnlyForDeploymentPostprocessing = 0;
		};
		B57D27F223F66AE7002BC699 /* Resources */ = {
			isa = PBXResourcesBuildPhase;
			buildActionMask = 2147483647;
			files = (
			);
			runOnlyForDeploymentPostprocessing = 0;
		};
		B5CE1F7A26B4271800DBF70A /* Resources */ = {
			isa = PBXResourcesBuildPhase;
			buildActionMask = 2147483647;
			files = (
			);
			runOnlyForDeploymentPostprocessing = 0;
		};
/* End PBXResourcesBuildPhase section */

/* Begin PBXSourcesBuildPhase section */
		B5011E9A242E01CC009FB2A2 /* Sources */ = {
			isa = PBXSourcesBuildPhase;
			buildActionMask = 2147483647;
			files = (
				B5011EA3242E01CC009FB2A2 /* SMCAMDProcessor.cpp in Sources */,
				B583FEA3242E0A65001AE99A /* Keyimplementations.cpp in Sources */,
			);
			runOnlyForDeploymentPostprocessing = 0;
		};
		B56162C02400EF770006A7D8 /* Sources */ = {
			isa = PBXSourcesBuildPhase;
			buildActionMask = 2147483647;
			files = (
				B5735D3B24724B23002BA4DE /* GraphViewLineLayer.swift in Sources */,
				B5F46D83240E76D9009F2961 /* PowerToolViewController.swift in Sources */,
				B56162C92400EF770006A7D8 /* ViewController.swift in Sources */,
				B5787763241105D3001AE704 /* CPUBarLayer.swift in Sources */,
				B5F46D7F240E593D009F2961 /* CPUPowerStepView.swift in Sources */,
				B56164A02470308C001806DC /* SystemMonitorViewController.swift in Sources */,
				B51BE99F26B2CBB4002BEE3C /* StatusbarController.swift in Sources */,
				B568E7362414D174007CEEC1 /* CPUSpeedShiftView.swift in Sources */,
				B56162C72400EF770006A7D8 /* AppDelegate.swift in Sources */,
				B5F46D81240E6F19009F2961 /* ProcessorModel.swift in Sources */,
				B5DB81D12417CB5E00741A38 /* PStateEditorViewController.swift in Sources */,
				B5ACE06826D7F297007960AD /* hid.c in Sources */,
				B561633524010C050006A7D8 /* GraphView.swift in Sources */,
				B59762382472A1FE0074E0B5 /* GraphViewGridLineLayer.swift in Sources */,
			);
			runOnlyForDeploymentPostprocessing = 0;
		};
		B57D27F023F66AE7002BC699 /* Sources */ = {
			isa = PBXSourcesBuildPhase;
			buildActionMask = 2147483647;
			files = (
				B5920B9424FFBB9B006C6DFF /* pmRyzenSymbolTable.h in Sources */,
				B5DF4AB5247156F200663498 /* ISSuperIONCT668X.cpp in Sources */,
				B584F5CC242E2CBE007DEA77 /* pmAMDRyzen.c in Sources */,
				5B72086D247C884C00BF7492 /* ISSuperIOIT86XXEFamily.cpp in Sources */,
				B5D20189241B85E800BBD06A /* kernel_resolver.c in Sources */,
				B57D280B23F66C8E002BC699 /* AMDRyzenCPUPMUserClient.cpp in Sources */,
				B57D280723F66C8E002BC699 /* AMDRyzenCPUPowerManagement.cpp in Sources */,
				B5810044246D629C00A38AB7 /* ISSuperIONCT67XXFamily.cpp in Sources */,
			);
			runOnlyForDeploymentPostprocessing = 0;
		};
		B5CE1F7826B4271800DBF70A /* Sources */ = {
			isa = PBXSourcesBuildPhase;
			buildActionMask = 2147483647;
			files = (
				B5CE1F8B26B4294000DBF70A /* main.swift in Sources */,
				B5CE1F7F26B4271800DBF70A /* AppDelegate.swift in Sources */,
			);
			runOnlyForDeploymentPostprocessing = 0;
		};
/* End PBXSourcesBuildPhase section */

/* Begin PBXVariantGroup section */
		B56162CC2400EF780006A7D8 /* Main.storyboard */ = {
			isa = PBXVariantGroup;
			children = (
				B56162CD2400EF780006A7D8 /* Base */,
			);
			name = Main.storyboard;
			sourceTree = "<group>";
		};
/* End PBXVariantGroup section */

/* Begin XCBuildConfiguration section */
		B5011EA5242E01CC009FB2A2 /* Debug */ = {
			isa = XCBuildConfiguration;
			buildSettings = {
				CODE_SIGN_STYLE = Manual;
				COMBINE_HIDPI_IMAGES = YES;
				CURRENT_PROJECT_VERSION = 1.0.0d1;
				HEADER_SEARCH_PATHS = (
					"${PROJECT_DIR}/Lilu.kext/Contents/Resources",
					"${PROJECT_DIR}/VirtualSMC.kext/Contents/Resources",
					"${PROJECT_DIR}/AMDRyzenCPUPowerManagement",
				);
				INFOPLIST_FILE = SMCAMDProcessor/Info.plist;
				LIBRARY_SEARCH_PATHS = "$(PROJECT_DIR)/Lilu.kext/Contents/Resources/Library";
				MACOSX_DEPLOYMENT_TARGET = 10.13;
				MODULE_NAME = wtf.spinach.SMCAMDProcessor;
				MODULE_VERSION = 1.0.0d1;
				OTHER_CFLAGS = "";
				PRODUCT_BUNDLE_IDENTIFIER = wtf.spinach.SMCAMDProcessor;
				PRODUCT_NAME = "$(TARGET_NAME)";
				WRAPPER_EXTENSION = kext;
			};
			name = Debug;
		};
		B5011EA6242E01CC009FB2A2 /* Release */ = {
			isa = XCBuildConfiguration;
			buildSettings = {
				CODE_SIGN_STYLE = Manual;
				COMBINE_HIDPI_IMAGES = YES;
				CURRENT_PROJECT_VERSION = 1.0.0d1;
				HEADER_SEARCH_PATHS = (
					"${PROJECT_DIR}/Lilu.kext/Contents/Resources",
					"${PROJECT_DIR}/VirtualSMC.kext/Contents/Resources",
					"${PROJECT_DIR}/AMDRyzenCPUPowerManagement",
				);
				INFOPLIST_FILE = SMCAMDProcessor/Info.plist;
				LIBRARY_SEARCH_PATHS = "$(PROJECT_DIR)/Lilu.kext/Contents/Resources/Library";
				MACOSX_DEPLOYMENT_TARGET = 10.13;
				MODULE_NAME = wtf.spinach.SMCAMDProcessor;
				MODULE_VERSION = 1.0.0d1;
				OTHER_CFLAGS = "";
				PRODUCT_BUNDLE_IDENTIFIER = wtf.spinach.SMCAMDProcessor;
				PRODUCT_NAME = "$(TARGET_NAME)";
				WRAPPER_EXTENSION = kext;
			};
			name = Release;
		};
		B56162D12400EF780006A7D8 /* Debug */ = {
			isa = XCBuildConfiguration;
			buildSettings = {
				ASSETCATALOG_COMPILER_APPICON_NAME = AppIcon;
				CLANG_ENABLE_MODULES = YES;
				CODE_SIGN_ENTITLEMENTS = "AMD Power Gadget/AMD_Power_Gadget.entitlements";
				CODE_SIGN_STYLE = Automatic;
				COMBINE_HIDPI_IMAGES = YES;
				CURRENT_PROJECT_VERSION = 2;
				GCC_PREPROCESSOR_DEFINITIONS = (
					"DEBUG=1",
					"$(inherited)",
					"VERSION_STRING=$(CURRENT_PROJECT_VERSION)",
				);
				INFOPLIST_FILE = "AMD Power Gadget/Info.plist";
				LD_RUNPATH_SEARCH_PATHS = (
					"$(inherited)",
					"@executable_path/../Frameworks",
				);
				MACOSX_DEPLOYMENT_TARGET = 10.13;
				MARKETING_VERSION = 1.7;
				PRODUCT_BUNDLE_IDENTIFIER = "wtf.spinach.AMD-Power-Gadget";
				PRODUCT_NAME = "$(TARGET_NAME)";
				SWIFT_ACTIVE_COMPILATION_CONDITIONS = DEBUG;
				SWIFT_OBJC_BRIDGING_HEADER = "AMD Power Gadget/AMD Power Gadget-Bridging-Header.h";
				SWIFT_OPTIMIZATION_LEVEL = "-Onone";
				SWIFT_VERSION = 5.0;
			};
			name = Debug;
		};
		B56162D22400EF780006A7D8 /* Release */ = {
			isa = XCBuildConfiguration;
			buildSettings = {
				ASSETCATALOG_COMPILER_APPICON_NAME = AppIcon;
				CLANG_ENABLE_MODULES = YES;
				CODE_SIGN_ENTITLEMENTS = "AMD Power Gadget/AMD_Power_Gadget.entitlements";
				CODE_SIGN_STYLE = Automatic;
				COMBINE_HIDPI_IMAGES = YES;
				CURRENT_PROJECT_VERSION = 2;
				GCC_PREPROCESSOR_DEFINITIONS = "VERSION_STRING=$(CURRENT_PROJECT_VERSION)";
				INFOPLIST_FILE = "AMD Power Gadget/Info.plist";
				LD_RUNPATH_SEARCH_PATHS = (
					"$(inherited)",
					"@executable_path/../Frameworks",
				);
				MACOSX_DEPLOYMENT_TARGET = 10.13;
				MARKETING_VERSION = 1.7;
				PRODUCT_BUNDLE_IDENTIFIER = "wtf.spinach.AMD-Power-Gadget";
				PRODUCT_NAME = "$(TARGET_NAME)";
				SWIFT_COMPILATION_MODE = wholemodule;
				SWIFT_OBJC_BRIDGING_HEADER = "AMD Power Gadget/AMD Power Gadget-Bridging-Header.h";
				SWIFT_OPTIMIZATION_LEVEL = "-O";
				SWIFT_VERSION = 5.0;
			};
			name = Release;
		};
		B57D27FC23F66AE7002BC699 /* Debug */ = {
			isa = XCBuildConfiguration;
			buildSettings = {
				ALWAYS_SEARCH_USER_PATHS = NO;
				CLANG_ANALYZER_NONNULL = YES;
				CLANG_ANALYZER_NUMBER_OBJECT_CONVERSION = YES_AGGRESSIVE;
				CLANG_CXX_LANGUAGE_STANDARD = "gnu++14";
				CLANG_CXX_LIBRARY = "libc++";
				CLANG_ENABLE_MODULES = YES;
				CLANG_ENABLE_OBJC_ARC = YES;
				CLANG_ENABLE_OBJC_WEAK = YES;
				CLANG_WARN_BLOCK_CAPTURE_AUTORELEASING = YES;
				CLANG_WARN_BOOL_CONVERSION = YES;
				CLANG_WARN_COMMA = YES;
				CLANG_WARN_CONSTANT_CONVERSION = YES;
				CLANG_WARN_DEPRECATED_OBJC_IMPLEMENTATIONS = YES;
				CLANG_WARN_DIRECT_OBJC_ISA_USAGE = YES_ERROR;
				CLANG_WARN_DOCUMENTATION_COMMENTS = YES;
				CLANG_WARN_EMPTY_BODY = YES;
				CLANG_WARN_ENUM_CONVERSION = YES;
				CLANG_WARN_INFINITE_RECURSION = YES;
				CLANG_WARN_INT_CONVERSION = YES;
				CLANG_WARN_NON_LITERAL_NULL_CONVERSION = YES;
				CLANG_WARN_OBJC_IMPLICIT_RETAIN_SELF = YES;
				CLANG_WARN_OBJC_LITERAL_CONVERSION = YES;
				CLANG_WARN_OBJC_ROOT_CLASS = YES_ERROR;
				CLANG_WARN_RANGE_LOOP_ANALYSIS = YES;
				CLANG_WARN_STRICT_PROTOTYPES = YES;
				CLANG_WARN_SUSPICIOUS_MOVE = YES;
				CLANG_WARN_UNGUARDED_AVAILABILITY = YES_AGGRESSIVE;
				CLANG_WARN_UNREACHABLE_CODE = YES;
				CLANG_WARN__DUPLICATE_METHOD_MATCH = YES;
				COPY_PHASE_STRIP = NO;
				DEBUG_INFORMATION_FORMAT = dwarf;
				ENABLE_STRICT_OBJC_MSGSEND = YES;
				ENABLE_TESTABILITY = YES;
				GCC_C_LANGUAGE_STANDARD = gnu11;
				GCC_DYNAMIC_NO_PIC = NO;
				GCC_NO_COMMON_BLOCKS = YES;
				GCC_OPTIMIZATION_LEVEL = 0;
				GCC_PREPROCESSOR_DEFINITIONS = (
					"DEBUG=1",
					"$(inherited)",
				);
				GCC_WARN_64_TO_32_BIT_CONVERSION = YES;
				GCC_WARN_ABOUT_RETURN_TYPE = YES_ERROR;
				GCC_WARN_UNDECLARED_SELECTOR = YES;
				GCC_WARN_UNINITIALIZED_AUTOS = YES_AGGRESSIVE;
				GCC_WARN_UNUSED_FUNCTION = YES;
				GCC_WARN_UNUSED_VARIABLE = YES;
				MACOSX_DEPLOYMENT_TARGET = 10.15;
				MTL_ENABLE_DEBUG_INFO = INCLUDE_SOURCE;
				MTL_FAST_MATH = YES;
				ONLY_ACTIVE_ARCH = YES;
				SDKROOT = macosx;
			};
			name = Debug;
		};
		B57D27FD23F66AE7002BC699 /* Release */ = {
			isa = XCBuildConfiguration;
			buildSettings = {
				ALWAYS_SEARCH_USER_PATHS = NO;
				CLANG_ANALYZER_NONNULL = YES;
				CLANG_ANALYZER_NUMBER_OBJECT_CONVERSION = YES_AGGRESSIVE;
				CLANG_CXX_LANGUAGE_STANDARD = "gnu++14";
				CLANG_CXX_LIBRARY = "libc++";
				CLANG_ENABLE_MODULES = YES;
				CLANG_ENABLE_OBJC_ARC = YES;
				CLANG_ENABLE_OBJC_WEAK = YES;
				CLANG_WARN_BLOCK_CAPTURE_AUTORELEASING = YES;
				CLANG_WARN_BOOL_CONVERSION = YES;
				CLANG_WARN_COMMA = YES;
				CLANG_WARN_CONSTANT_CONVERSION = YES;
				CLANG_WARN_DEPRECATED_OBJC_IMPLEMENTATIONS = YES;
				CLANG_WARN_DIRECT_OBJC_ISA_USAGE = YES_ERROR;
				CLANG_WARN_DOCUMENTATION_COMMENTS = YES;
				CLANG_WARN_EMPTY_BODY = YES;
				CLANG_WARN_ENUM_CONVERSION = YES;
				CLANG_WARN_INFINITE_RECURSION = YES;
				CLANG_WARN_INT_CONVERSION = YES;
				CLANG_WARN_NON_LITERAL_NULL_CONVERSION = YES;
				CLANG_WARN_OBJC_IMPLICIT_RETAIN_SELF = YES;
				CLANG_WARN_OBJC_LITERAL_CONVERSION = YES;
				CLANG_WARN_OBJC_ROOT_CLASS = YES_ERROR;
				CLANG_WARN_RANGE_LOOP_ANALYSIS = YES;
				CLANG_WARN_STRICT_PROTOTYPES = YES;
				CLANG_WARN_SUSPICIOUS_MOVE = YES;
				CLANG_WARN_UNGUARDED_AVAILABILITY = YES_AGGRESSIVE;
				CLANG_WARN_UNREACHABLE_CODE = YES;
				CLANG_WARN__DUPLICATE_METHOD_MATCH = YES;
				COPY_PHASE_STRIP = NO;
				DEBUG_INFORMATION_FORMAT = "dwarf-with-dsym";
				ENABLE_NS_ASSERTIONS = NO;
				ENABLE_STRICT_OBJC_MSGSEND = YES;
				GCC_C_LANGUAGE_STANDARD = gnu11;
				GCC_NO_COMMON_BLOCKS = YES;
				GCC_WARN_64_TO_32_BIT_CONVERSION = YES;
				GCC_WARN_ABOUT_RETURN_TYPE = YES_ERROR;
				GCC_WARN_UNDECLARED_SELECTOR = YES;
				GCC_WARN_UNINITIALIZED_AUTOS = YES_AGGRESSIVE;
				GCC_WARN_UNUSED_FUNCTION = YES;
				GCC_WARN_UNUSED_VARIABLE = YES;
				MACOSX_DEPLOYMENT_TARGET = 10.15;
				MTL_ENABLE_DEBUG_INFO = NO;
				MTL_FAST_MATH = YES;
				SDKROOT = macosx;
				SWIFT_COMPILATION_MODE = wholemodule;
			};
			name = Release;
		};
		B57D27FF23F66AE7002BC699 /* Debug */ = {
			isa = XCBuildConfiguration;
			buildSettings = {
				CODE_SIGN_STYLE = Manual;
				COMBINE_HIDPI_IMAGES = YES;
				CURRENT_PROJECT_VERSION = 0.7;
				GCC_PREPROCESSOR_DEFINITIONS = (
					"DEBUG=1",
					"$(inherited)",
					"MODULE_VERSION=$(MODULE_VERSION)",
					"PRODUCT_NAME=$(PRODUCT_NAME)",
					PMRYZEN_IDLE_IO_CSTATE,
				);
				HEADER_SEARCH_PATHS = (
					"${PROJECT_DIR}/Lilu.kext/Contents/Resources",
					"${PROJECT_DIR}/VirtualSMC.kext/Contents/Resources",
				);
				INFOPLIST_FILE = AMDRyzenCPUPowerManagement/Info.plist;
				LIBRARY_SEARCH_PATHS = "$(PROJECT_DIR)/Lilu.kext/Contents/Resources/Library";
				MACOSX_DEPLOYMENT_TARGET = 10.13;
				MARKETING_VERSION = 0.7;
				MODULE_NAME = wtf.spinach.AMDRyzenCPUPowerManagement;
				MODULE_START = amdryzencpupm_kern_start;
				MODULE_STOP = amdryzencpupm_kern_stop;
				MODULE_VERSION = "$(CURRENT_PROJECT_VERSION)";
				OTHER_CFLAGS = (
					"-mmmx",
					"-msse",
					"-msse2",
					"-msse3",
					"-mfpmath=sse",
					"-mssse3",
					"-ftree-vectorize",
					"-fno-non-call-exceptions",
					"-fno-builtin",
					"-fno-asynchronous-unwind-tables",
					"-O3",
				);
				OTHER_CPLUSPLUSFLAGS = "$(OTHER_CFLAGS)";
				OTHER_LDFLAGS = "-static";
				PRODUCT_BUNDLE_IDENTIFIER = wtf.spinach.AMDRyzenCPUPowerManagement;
				PRODUCT_NAME = "$(TARGET_NAME)";
				VERSIONING_SYSTEM = "apple-generic";
				WRAPPER_EXTENSION = kext;
			};
			name = Debug;
		};
		B57D280023F66AE7002BC699 /* Release */ = {
			isa = XCBuildConfiguration;
			buildSettings = {
				CODE_SIGN_STYLE = Manual;
				COMBINE_HIDPI_IMAGES = YES;
				CURRENT_PROJECT_VERSION = 0.7;
				GCC_PREPROCESSOR_DEFINITIONS = (
					"PRODUCT_NAME=$(PRODUCT_NAME)",
					"MODULE_VERSION=$(MODULE_VERSION)",
					PMRYZEN_IDLE_IO_CSTATE,
				);
				HEADER_SEARCH_PATHS = (
					"${PROJECT_DIR}/Lilu.kext/Contents/Resources",
					"${PROJECT_DIR}/VirtualSMC.kext/Contents/Resources",
				);
				INFOPLIST_FILE = AMDRyzenCPUPowerManagement/Info.plist;
				LIBRARY_SEARCH_PATHS = "$(PROJECT_DIR)/Lilu.kext/Contents/Resources/Library";
				MACOSX_DEPLOYMENT_TARGET = 10.13;
				MARKETING_VERSION = 0.7;
				MODULE_NAME = wtf.spinach.AMDRyzenCPUPowerManagement;
				MODULE_START = amdryzencpupm_kern_start;
				MODULE_STOP = amdryzencpupm_kern_stop;
				MODULE_VERSION = "$(CURRENT_PROJECT_VERSION)";
				OTHER_CFLAGS = (
					"-mmmx",
					"-msse",
					"-msse2",
					"-msse3",
					"-mfpmath=sse",
					"-mssse3",
					"-ftree-vectorize",
					"-fno-non-call-exceptions",
					"-fno-builtin",
					"-fno-asynchronous-unwind-tables",
					"-O3",
				);
				OTHER_CPLUSPLUSFLAGS = "$(OTHER_CFLAGS)";
				OTHER_LDFLAGS = "-static";
				PRODUCT_BUNDLE_IDENTIFIER = wtf.spinach.AMDRyzenCPUPowerManagement;
				PRODUCT_NAME = "$(TARGET_NAME)";
				VERSIONING_SYSTEM = "apple-generic";
				WRAPPER_EXTENSION = kext;
			};
			name = Release;
		};
		B5CE1F8726B4271900DBF70A /* Debug */ = {
			isa = XCBuildConfiguration;
			buildSettings = {
				ASSETCATALOG_COMPILER_APPICON_NAME = AppIcon;
				ASSETCATALOG_COMPILER_GLOBAL_ACCENT_COLOR_NAME = AccentColor;
				CLANG_WARN_QUOTED_INCLUDE_IN_FRAMEWORK_HEADER = YES;
				CODE_SIGN_ENTITLEMENTS = APGLaunchHelper/APGLaunchHelper.entitlements;
				CODE_SIGN_STYLE = Automatic;
				COMBINE_HIDPI_IMAGES = YES;
				INFOPLIST_FILE = APGLaunchHelper/Info.plist;
				LD_RUNPATH_SEARCH_PATHS = (
					"$(inherited)",
					"@executable_path/../Frameworks",
				);
				MACOSX_DEPLOYMENT_TARGET = 11.3;
				PRODUCT_BUNDLE_IDENTIFIER = wtf.spinach.APGLaunchHelper;
				PRODUCT_NAME = "$(TARGET_NAME)";
				SWIFT_ACTIVE_COMPILATION_CONDITIONS = DEBUG;
				SWIFT_OPTIMIZATION_LEVEL = "-Onone";
				SWIFT_VERSION = 5.0;
			};
			name = Debug;
		};
		B5CE1F8826B4271900DBF70A /* Release */ = {
			isa = XCBuildConfiguration;
			buildSettings = {
				ASSETCATALOG_COMPILER_APPICON_NAME = AppIcon;
				ASSETCATALOG_COMPILER_GLOBAL_ACCENT_COLOR_NAME = AccentColor;
				CLANG_WARN_QUOTED_INCLUDE_IN_FRAMEWORK_HEADER = YES;
				CODE_SIGN_ENTITLEMENTS = APGLaunchHelper/APGLaunchHelper.entitlements;
				CODE_SIGN_STYLE = Automatic;
				COMBINE_HIDPI_IMAGES = YES;
				INFOPLIST_FILE = APGLaunchHelper/Info.plist;
				LD_RUNPATH_SEARCH_PATHS = (
					"$(inherited)",
					"@executable_path/../Frameworks",
				);
				MACOSX_DEPLOYMENT_TARGET = 11.3;
				PRODUCT_BUNDLE_IDENTIFIER = wtf.spinach.APGLaunchHelper;
				PRODUCT_NAME = "$(TARGET_NAME)";
				SWIFT_OPTIMIZATION_LEVEL = "-O";
				SWIFT_VERSION = 5.0;
			};
			name = Release;
		};
/* End XCBuildConfiguration section */

/* Begin XCConfigurationList section */
		B5011EA7242E01CC009FB2A2 /* Build configuration list for PBXNativeTarget "SMCAMDProcessor" */ = {
			isa = XCConfigurationList;
			buildConfigurations = (
				B5011EA5242E01CC009FB2A2 /* Debug */,
				B5011EA6242E01CC009FB2A2 /* Release */,
			);
			defaultConfigurationIsVisible = 0;
			defaultConfigurationName = Release;
		};
		B56162D32400EF780006A7D8 /* Build configuration list for PBXNativeTarget "AMD Power Gadget" */ = {
			isa = XCConfigurationList;
			buildConfigurations = (
				B56162D12400EF780006A7D8 /* Debug */,
				B56162D22400EF780006A7D8 /* Release */,
			);
			defaultConfigurationIsVisible = 0;
			defaultConfigurationName = Release;
		};
		B57D27EE23F66AE7002BC699 /* Build configuration list for PBXProject "SMCAMDProcessor" */ = {
			isa = XCConfigurationList;
			buildConfigurations = (
				B57D27FC23F66AE7002BC699 /* Debug */,
				B57D27FD23F66AE7002BC699 /* Release */,
			);
			defaultConfigurationIsVisible = 0;
			defaultConfigurationName = Release;
		};
		B57D27FE23F66AE7002BC699 /* Build configuration list for PBXNativeTarget "AMDRyzenCPUPowerManagement" */ = {
			isa = XCConfigurationList;
			buildConfigurations = (
				B57D27FF23F66AE7002BC699 /* Debug */,
				B57D280023F66AE7002BC699 /* Release */,
			);
			defaultConfigurationIsVisible = 0;
			defaultConfigurationName = Release;
		};
		B5CE1F8926B4271900DBF70A /* Build configuration list for PBXNativeTarget "APGLaunchHelper" */ = {
			isa = XCConfigurationList;
			buildConfigurations = (
				B5CE1F8726B4271900DBF70A /* Debug */,
				B5CE1F8826B4271900DBF70A /* Release */,
			);
			defaultConfigurationIsVisible = 0;
			defaultConfigurationName = Release;
		};
/* End XCConfigurationList section */
	};
	rootObject = B57D27EB23F66AE7002BC699 /* Project object */;
}
